
Microsoft Visual Studio Solution File, Format Version 12.00
# Visual Studio Version 16
VisualStudioVersion = 16.0.30523.141
MinimumVisualStudioVersion = 10.0.40219.1
Project("{FAE04EC0-301F-11D3-BF4B-00C04F79EFBC}") = "PostalCentralSystem", "PostalCentralSystem\PostalCentralSystem.csproj", "{00A1BE4E-0D94-408D-8B5C-3A57DC71FCDB}"
EndProject
Project("{FAE04EC0-301F-11D3-BF4B-00C04F79EFBC}") = "DroidOCR", "DroidOCR\DroidOCR.csproj", "{CC12C8F1-0C21-4727-9858-FD2667EC8E28}"
EndProject
Global
	GlobalSection(SolutionConfigurationPlatforms) = preSolution
		Debug|Any CPU = Debug|Any CPU
		Release|Any CPU = Release|Any CPU
	EndGlobalSection
	GlobalSection(ProjectConfigurationPlatforms) = postSolution
		{00A1BE4E-0D94-408D-8B5C-3A57DC71FCDB}.Debug|Any CPU.ActiveCfg = Debug|Any CPU
		{00A1BE4E-0D94-408D-8B5C-3A57DC71FCDB}.Debug|Any CPU.Build.0 = Debug|Any CPU
		{00A1BE4E-0D94-408D-8B5C-3A57DC71FCDB}.Release|Any CPU.ActiveCfg = Release|Any CPU
		{00A1BE4E-0D94-408D-8B5C-3A57DC71FCDB}.Release|Any CPU.Build.0 = Release|Any CPU
		{CC12C8F1-0C21-4727-9858-FD2667EC8E28}.Debug|Any CPU.ActiveCfg = Debug|Any CPU
		{CC12C8F1-0C21-4727-9858-FD2667EC8E28}.Debug|Any CPU.Build.0 = Debug|Any CPU
		{CC12C8F1-0C21-4727-9858-FD2667EC8E28}.Debug|Any CPU.Deploy.0 = Debug|Any CPU
		{CC12C8F1-0C21-4727-9858-FD2667EC8E28}.Release|Any CPU.ActiveCfg = Release|Any CPU
		{CC12C8F1-0C21-4727-9858-FD2667EC8E28}.Release|Any CPU.Build.0 = Release|Any CPU
		{CC12C8F1-0C21-4727-9858-FD2667EC8E28}.Release|Any CPU.Deploy.0 = Release|Any CPU
	EndGlobalSection
	GlobalSection(SolutionProperties) = preSolution
		HideSolutionNode = FALSE
	EndGlobalSection
	GlobalSection(ExtensibilityGlobals) = postSolution
		SolutionGuid = {A46BC728-7158-4504-B2E8-F8ADA80F71A5}
	EndGlobalSection
EndGlobal
